
Microsoft Visual Studio Solution File, Format Version 12.00
# Visual Studio Version 17
VisualStudioVersion = 17.9.34902.65
MinimumVisualStudioVersion = 10.0.40219.1
Project("{FAE04EC0-301F-11D3-BF4B-00C04F79EFBC}") = "BaiTapLT_Ex5", "BaiTapLT_Ex5.csproj", "{290C15EF-7D9C-4612-A56D-0B4F1669E961}"
EndProject
Global
	GlobalSection(SolutionConfigurationPlatforms) = preSolution
		Debug|Any CPU = Debug|Any CPU
		Release|Any CPU = Release|Any CPU
	EndGlobalSection
	GlobalSection(ProjectConfigurationPlatforms) = postSolution
		{290C15EF-7D9C-4612-A56D-0B4F1669E961}.Debug|Any CPU.ActiveCfg = Debug|Any CPU
		{290C15EF-7D9C-4612-A56D-0B4F1669E961}.Debug|Any CPU.Build.0 = Debug|Any CPU
		{290C15EF-7D9C-4612-A56D-0B4F1669E961}.Release|Any CPU.ActiveCfg = Release|Any CPU
		{290C15EF-7D9C-4612-A56D-0B4F1669E961}.Release|Any CPU.Build.0 = Release|Any CPU
	EndGlobalSection
	GlobalSection(SolutionProperties) = preSolution
		HideSolutionNode = FALSE
	EndGlobalSection
	GlobalSection(ExtensibilityGlobals) = postSolution
		SolutionGuid = {941D6901-44D3-477A-854A-CD01ACA33022}
	EndGlobalSection
EndGlobal
